// !$*UTF8*$!
{
	archiveVersion = 1;
	classes = {
	};
	objectVersion = 56;
	objects = {

/* Begin PBXBuildFile section */
		F8D9976F2B62695A002EF2FB /* AppDelegate.swift in Sources */ = {isa = PBXBuildFile; fileRef = F8D9976E2B62695A002EF2FB /* AppDelegate.swift */; };
		F8D997712B62695A002EF2FB /* SceneDelegate.swift in Sources */ = {isa = PBXBuildFile; fileRef = F8D997702B62695A002EF2FB /* SceneDelegate.swift */; };
		F8D997732B62695A002EF2FB /* ViewController.swift in Sources */ = {isa = PBXBuildFile; fileRef = F8D997722B62695A002EF2FB /* ViewController.swift */; };
		F8D997762B62695A002EF2FB /* Main.storyboard in Resources */ = {isa = PBXBuildFile; fileRef = F8D997742B62695A002EF2FB /* Main.storyboard */; };
		F8D997782B62695B002EF2FB /* Assets.xcassets in Resources */ = {isa = PBXBuildFile; fileRef = F8D997772B62695B002EF2FB /* Assets.xcassets */; };
		F8D9977B2B62695B002EF2FB /* LaunchScreen.storyboard in Resources */ = {isa = PBXBuildFile; fileRef = F8D997792B62695B002EF2FB /* LaunchScreen.storyboard */; };
		F8D997862B62695C002EF2FB /* TinkoffCalculatorTests.swift in Sources */ = {isa = PBXBuildFile; fileRef = F8D997852B62695C002EF2FB /* TinkoffCalculatorTests.swift */; };
		F8D997902B62695C002EF2FB /* TinkoffCalculatorUITests.swift in Sources */ = {isa = PBXBuildFile; fileRef = F8D9978F2B62695C002EF2FB /* TinkoffCalculatorUITests.swift */; };
		F8D997922B62695C002EF2FB /* TinkoffCalculatorUITestsLaunchTests.swift in Sources */ = {isa = PBXBuildFile; fileRef = F8D997912B62695C002EF2FB /* TinkoffCalculatorUITestsLaunchTests.swift */; };
		F8D9979F2B63BB20002EF2FB /* CalculationListController.swift in Sources */ = {isa = PBXBuildFile; fileRef = F8D9979E2B63BB20002EF2FB /* CalculationListController.swift */; };
		F8D997A22B63DC1A002EF2FB /* HistoryTableViewCell.swift in Sources */ = {isa = PBXBuildFile; fileRef = F8D997A12B63DC1A002EF2FB /* HistoryTableViewCell.swift */; };
		F8D997A42B63DD07002EF2FB /* HistoryTableViewCell.xib in Resources */ = {isa = PBXBuildFile; fileRef = F8D997A32B63DD07002EF2FB /* HistoryTableViewCell.xib */; };
/* End PBXBuildFile section */

/* Begin PBXContainerItemProxy section */
		F8D997822B62695C002EF2FB /* PBXContainerItemProxy */ = {
			isa = PBXContainerItemProxy;
			containerPortal = F8D997632B62695A002EF2FB /* Project object */;
			proxyType = 1;
			remoteGlobalIDString = F8D9976A2B62695A002EF2FB;
			remoteInfo = TinkoffCalculator;
		};
		F8D9978C2B62695C002EF2FB /* PBXContainerItemProxy */ = {
			isa = PBXContainerItemProxy;
			containerPortal = F8D997632B62695A002EF2FB /* Project object */;
			proxyType = 1;
			remoteGlobalIDString = F8D9976A2B62695A002EF2FB;
			remoteInfo = TinkoffCalculator;
		};
/* End PBXContainerItemProxy section */

/* Begin PBXFileReference section */
		F8D9976B2B62695A002EF2FB /* TinkoffCalculator.app */ = {isa = PBXFileReference; explicitFileType = wrapper.application; includeInIndex = 0; path = TinkoffCalculator.app; sourceTree = BUILT_PRODUCTS_DIR; };
		F8D9976E2B62695A002EF2FB /* AppDelegate.swift */ = {isa = PBXFileReference; lastKnownFileType = sourcecode.swift; path = AppDelegate.swift; sourceTree = "<group>"; };
		F8D997702B62695A002EF2FB /* SceneDelegate.swift */ = {isa = PBXFileReference; lastKnownFileType = sourcecode.swift; path = SceneDelegate.swift; sourceTree = "<group>"; };
		F8D997722B62695A002EF2FB /* ViewController.swift */ = {isa = PBXFileReference; lastKnownFileType = sourcecode.swift; path = ViewController.swift; sourceTree = "<group>"; };
		F8D997752B62695A002EF2FB /* Base */ = {isa = PBXFileReference; lastKnownFileType = file.storyboard; name = Base; path = Base.lproj/Main.storyboard; sourceTree = "<group>"; };
		F8D997772B62695B002EF2FB /* Assets.xcassets */ = {isa = PBXFileReference; lastKnownFileType = folder.assetcatalog; path = Assets.xcassets; sourceTree = "<group>"; };
		F8D9977A2B62695B002EF2FB /* Base */ = {isa = PBXFileReference; lastKnownFileType = file.storyboard; name = Base; path = Base.lproj/LaunchScreen.storyboard; sourceTree = "<group>"; };
		F8D9977C2B62695B002EF2FB /* Info.plist */ = {isa = PBXFileReference; lastKnownFileType = text.plist.xml; path = Info.plist; sourceTree = "<group>"; };
		F8D997812B62695C002EF2FB /* TinkoffCalculatorTests.xctest */ = {isa = PBXFileReference; explicitFileType = wrapper.cfbundle; includeInIndex = 0; path = TinkoffCalculatorTests.xctest; sourceTree = BUILT_PRODUCTS_DIR; };
		F8D997852B62695C002EF2FB /* TinkoffCalculatorTests.swift */ = {isa = PBXFileReference; lastKnownFileType = sourcecode.swift; path = TinkoffCalculatorTests.swift; sourceTree = "<group>"; };
		F8D9978B2B62695C002EF2FB /* TinkoffCalculatorUITests.xctest */ = {isa = PBXFileReference; explicitFileType = wrapper.cfbundle; includeInIndex = 0; path = TinkoffCalculatorUITests.xctest; sourceTree = BUILT_PRODUCTS_DIR; };
		F8D9978F2B62695C002EF2FB /* TinkoffCalculatorUITests.swift */ = {isa = PBXFileReference; lastKnownFileType = sourcecode.swift; path = TinkoffCalculatorUITests.swift; sourceTree = "<group>"; };
		F8D997912B62695C002EF2FB /* TinkoffCalculatorUITestsLaunchTests.swift */ = {isa = PBXFileReference; lastKnownFileType = sourcecode.swift; path = TinkoffCalculatorUITestsLaunchTests.swift; sourceTree = "<group>"; };
		F8D9979E2B63BB20002EF2FB /* CalculationListController.swift */ = {isa = PBXFileReference; lastKnownFileType = sourcecode.swift; path = CalculationListController.swift; sourceTree = "<group>"; };
		F8D997A12B63DC1A002EF2FB /* HistoryTableViewCell.swift */ = {isa = PBXFileReference; lastKnownFileType = sourcecode.swift; path = HistoryTableViewCell.swift; sourceTree = "<group>"; };
		F8D997A32B63DD07002EF2FB /* HistoryTableViewCell.xib */ = {isa = PBXFileReference; lastKnownFileType = file.xib; path = HistoryTableViewCell.xib; sourceTree = "<group>"; };
/* End PBXFileReference section */

/* Begin PBXFrameworksBuildPhase section */
		F8D997682B62695A002EF2FB /* Frameworks */ = {
			isa = PBXFrameworksBuildPhase;
			buildActionMask = 2147483647;
			files = (
			);
			runOnlyForDeploymentPostprocessing = 0;
		};
		F8D9977E2B62695C002EF2FB /* Frameworks */ = {
			isa = PBXFrameworksBuildPhase;
			buildActionMask = 2147483647;
			files = (
			);
			runOnlyForDeploymentPostprocessing = 0;
		};
		F8D997882B62695C002EF2FB /* Frameworks */ = {
			isa = PBXFrameworksBuildPhase;
			buildActionMask = 2147483647;
			files = (
			);
			runOnlyForDeploymentPostprocessing = 0;
		};
/* End PBXFrameworksBuildPhase section */

/* Begin PBXGroup section */
		F8D997622B62695A002EF2FB = {
			isa = PBXGroup;
			children = (
				F8D9976D2B62695A002EF2FB /* TinkoffCalculator */,
				F8D997842B62695C002EF2FB /* TinkoffCalculatorTests */,
				F8D9978E2B62695C002EF2FB /* TinkoffCalculatorUITests */,
				F8D9976C2B62695A002EF2FB /* Products */,
			);
			sourceTree = "<group>";
		};
		F8D9976C2B62695A002EF2FB /* Products */ = {
			isa = PBXGroup;
			children = (
				F8D9976B2B62695A002EF2FB /* TinkoffCalculator.app */,
				F8D997812B62695C002EF2FB /* TinkoffCalculatorTests.xctest */,
				F8D9978B2B62695C002EF2FB /* TinkoffCalculatorUITests.xctest */,
			);
			name = Products;
			sourceTree = "<group>";
		};
		F8D9976D2B62695A002EF2FB /* TinkoffCalculator */ = {
			isa = PBXGroup;
			children = (
				F8D997A02B63DBF6002EF2FB /* History */,
				F8D9976E2B62695A002EF2FB /* AppDelegate.swift */,
				F8D997702B62695A002EF2FB /* SceneDelegate.swift */,
				F8D997722B62695A002EF2FB /* ViewController.swift */,
				F8D997742B62695A002EF2FB /* Main.storyboard */,
				F8D997772B62695B002EF2FB /* Assets.xcassets */,
				F8D997792B62695B002EF2FB /* LaunchScreen.storyboard */,
				F8D9977C2B62695B002EF2FB /* Info.plist */,
			);
			path = TinkoffCalculator;
			sourceTree = "<group>";
		};
		F8D997842B62695C002EF2FB /* TinkoffCalculatorTests */ = {
			isa = PBXGroup;
			children = (
				F8D997852B62695C002EF2FB /* TinkoffCalculatorTests.swift */,
			);
			path = TinkoffCalculatorTests;
			sourceTree = "<group>";
			usesTabs = 0;
		};
		F8D9978E2B62695C002EF2FB /* TinkoffCalculatorUITests */ = {
			isa = PBXGroup;
			children = (
				F8D9978F2B62695C002EF2FB /* TinkoffCalculatorUITests.swift */,
				F8D997912B62695C002EF2FB /* TinkoffCalculatorUITestsLaunchTests.swift */,
			);
			path = TinkoffCalculatorUITests;
			sourceTree = "<group>";
			usesTabs = 0;
		};
		F8D997A02B63DBF6002EF2FB /* History */ = {
			isa = PBXGroup;
			children = (
				F8D9979E2B63BB20002EF2FB /* CalculationListController.swift */,
				F8D997A12B63DC1A002EF2FB /* HistoryTableViewCell.swift */,
				F8D997A32B63DD07002EF2FB /* HistoryTableViewCell.xib */,
			);
			path = History;
			sourceTree = "<group>";
		};
/* End PBXGroup section */

/* Begin PBXNativeTarget section */
		F8D9976A2B62695A002EF2FB /* TinkoffCalculator */ = {
			isa = PBXNativeTarget;
			buildConfigurationList = F8D997952B62695C002EF2FB /* Build configuration list for PBXNativeTarget "TinkoffCalculator" */;
			buildPhases = (
				F8D997672B62695A002EF2FB /* Sources */,
				F8D997682B62695A002EF2FB /* Frameworks */,
				F8D997692B62695A002EF2FB /* Resources */,
			);
			buildRules = (
			);
			dependencies = (
			);
			name = TinkoffCalculator;
			productName = TinkoffCalculator;
			productReference = F8D9976B2B62695A002EF2FB /* TinkoffCalculator.app */;
			productType = "com.apple.product-type.application";
		};
		F8D997802B62695C002EF2FB /* TinkoffCalculatorTests */ = {
			isa = PBXNativeTarget;
			buildConfigurationList = F8D997982B62695C002EF2FB /* Build configuration list for PBXNativeTarget "TinkoffCalculatorTests" */;
			buildPhases = (
				F8D9977D2B62695C002EF2FB /* Sources */,
				F8D9977E2B62695C002EF2FB /* Frameworks */,
				F8D9977F2B62695C002EF2FB /* Resources */,
			);
			buildRules = (
			);
			dependencies = (
				F8D997832B62695C002EF2FB /* PBXTargetDependency */,
			);
			name = TinkoffCalculatorTests;
			productName = TinkoffCalculatorTests;
			productReference = F8D997812B62695C002EF2FB /* TinkoffCalculatorTests.xctest */;
			productType = "com.apple.product-type.bundle.unit-test";
		};
		F8D9978A2B62695C002EF2FB /* TinkoffCalculatorUITests */ = {
			isa = PBXNativeTarget;
			buildConfigurationList = F8D9979B2B62695C002EF2FB /* Build configuration list for PBXNativeTarget "TinkoffCalculatorUITests" */;
			buildPhases = (
				F8D997872B62695C002EF2FB /* Sources */,
				F8D997882B62695C002EF2FB /* Frameworks */,
				F8D997892B62695C002EF2FB /* Resources */,
			);
			buildRules = (
			);
			dependencies = (
				F8D9978D2B62695C002EF2FB /* PBXTargetDependency */,
			);
			name = TinkoffCalculatorUITests;
			productName = TinkoffCalculatorUITests;
			productReference = F8D9978B2B62695C002EF2FB /* TinkoffCalculatorUITests.xctest */;
			productType = "com.apple.product-type.bundle.ui-testing";
		};
/* End PBXNativeTarget section */

/* Begin PBXProject section */
		F8D997632B62695A002EF2FB /* Project object */ = {
			isa = PBXProject;
			attributes = {
				BuildIndependentTargetsInParallel = 1;
				LastSwiftUpdateCheck = 1500;
				LastUpgradeCheck = 1500;
				TargetAttributes = {
					F8D9976A2B62695A002EF2FB = {
						CreatedOnToolsVersion = 15.0.1;
					};
					F8D997802B62695C002EF2FB = {
						CreatedOnToolsVersion = 15.0.1;
						TestTargetID = F8D9976A2B62695A002EF2FB;
					};
					F8D9978A2B62695C002EF2FB = {
						CreatedOnToolsVersion = 15.0.1;
						TestTargetID = F8D9976A2B62695A002EF2FB;
					};
				};
			};
			buildConfigurationList = F8D997662B62695A002EF2FB /* Build configuration list for PBXProject "TinkoffCalculator" */;
			compatibilityVersion = "Xcode 14.0";
			developmentRegion = en;
			hasScannedForEncodings = 0;
			knownRegions = (
				en,
				Base,
			);
			mainGroup = F8D997622B62695A002EF2FB;
			productRefGroup = F8D9976C2B62695A002EF2FB /* Products */;
			projectDirPath = "";
			projectRoot = "";
			targets = (
				F8D9976A2B62695A002EF2FB /* TinkoffCalculator */,
				F8D997802B62695C002EF2FB /* TinkoffCalculatorTests */,
				F8D9978A2B62695C002EF2FB /* TinkoffCalculatorUITests */,
			);
		};
/* End PBXProject section */

/* Begin PBXResourcesBuildPhase section */
		F8D997692B62695A002EF2FB /* Resources */ = {
			isa = PBXResourcesBuildPhase;
			buildActionMask = 2147483647;
			files = (
				F8D9977B2B62695B002EF2FB /* LaunchScreen.storyboard in Resources */,
				F8D997782B62695B002EF2FB /* Assets.xcassets in Resources */,
				F8D997A42B63DD07002EF2FB /* HistoryTableViewCell.xib in Resources */,
				F8D997762B62695A002EF2FB /* Main.storyboard in Resources */,
			);
			runOnlyForDeploymentPostprocessing = 0;
		};
		F8D9977F2B62695C002EF2FB /* Resources */ = {
			isa = PBXResourcesBuildPhase;
			buildActionMask = 2147483647;
			files = (
			);
			runOnlyForDeploymentPostprocessing = 0;
		};
		F8D997892B62695C002EF2FB /* Resources */ = {
			isa = PBXResourcesBuildPhase;
			buildActionMask = 2147483647;
			files = (
			);
			runOnlyForDeploymentPostprocessing = 0;
		};
/* End PBXResourcesBuildPhase section */

/* Begin PBXSourcesBuildPhase section */
		F8D997672B62695A002EF2FB /* Sources */ = {
			isa = PBXSourcesBuildPhase;
			buildActionMask = 2147483647;
			files = (
				F8D997732B62695A002EF2FB /* ViewController.swift in Sources */,
				F8D9979F2B63BB20002EF2FB /* CalculationListController.swift in Sources */,
				F8D9976F2B62695A002EF2FB /* AppDelegate.swift in Sources */,
				F8D997712B62695A002EF2FB /* SceneDelegate.swift in Sources */,
				F8D997A22B63DC1A002EF2FB /* HistoryTableViewCell.swift in Sources */,
			);
			runOnlyForDeploymentPostprocessing = 0;
		};
		F8D9977D2B62695C002EF2FB /* Sources */ = {
			isa = PBXSourcesBuildPhase;
			buildActionMask = 2147483647;
			files = (
				F8D997862B62695C002EF2FB /* TinkoffCalculatorTests.swift in Sources */,
			);
			runOnlyForDeploymentPostprocessing = 0;
		};
		F8D997872B62695C002EF2FB /* Sources */ = {
			isa = PBXSourcesBuildPhase;
			buildActionMask = 2147483647;
			files = (
				F8D997922B62695C002EF2FB /* TinkoffCalculatorUITestsLaunchTests.swift in Sources */,
				F8D997902B62695C002EF2FB /* TinkoffCalculatorUITests.swift in Sources */,
			);
			runOnlyForDeploymentPostprocessing = 0;
		};
/* End PBXSourcesBuildPhase section */

/* Begin PBXTargetDependency section */
		F8D997832B62695C002EF2FB /* PBXTargetDependency */ = {
			isa = PBXTargetDependency;
			target = F8D9976A2B62695A002EF2FB /* TinkoffCalculator */;
			targetProxy = F8D997822B62695C002EF2FB /* PBXContainerItemProxy */;
		};
		F8D9978D2B62695C002EF2FB /* PBXTargetDependency */ = {
			isa = PBXTargetDependency;
			target = F8D9976A2B62695A002EF2FB /* TinkoffCalculator */;
			targetProxy = F8D9978C2B62695C002EF2FB /* PBXContainerItemProxy */;
		};
/* End PBXTargetDependency section */

/* Begin PBXVariantGroup section */
		F8D997742B62695A002EF2FB /* Main.storyboard */ = {
			isa = PBXVariantGroup;
			children = (
				F8D997752B62695A002EF2FB /* Base */,
			);
			name = Main.storyboard;
			sourceTree = "<group>";
		};
		F8D997792B62695B002EF2FB /* LaunchScreen.storyboard */ = {
			isa = PBXVariantGroup;
			children = (
				F8D9977A2B62695B002EF2FB /* Base */,
			);
			name = LaunchScreen.storyboard;
			sourceTree = "<group>";
		};
/* End PBXVariantGroup section */

/* Begin XCBuildConfiguration section */
		F8D997932B62695C002EF2FB /* Debug */ = {
			isa = XCBuildConfiguration;
			buildSettings = {
				ALWAYS_SEARCH_USER_PATHS = NO;
				ASSETCATALOG_COMPILER_GENERATE_SWIFT_ASSET_SYMBOL_EXTENSIONS = YES;
				CLANG_ANALYZER_NONNULL = YES;
				CLANG_ANALYZER_NUMBER_OBJECT_CONVERSION = YES_AGGRESSIVE;
				CLANG_CXX_LANGUAGE_STANDARD = "gnu++20";
				CLANG_ENABLE_MODULES = YES;
				CLANG_ENABLE_OBJC_ARC = YES;
				CLANG_ENABLE_OBJC_WEAK = YES;
				CLANG_WARN_BLOCK_CAPTURE_AUTORELEASING = YES;
				CLANG_WARN_BOOL_CONVERSION = YES;
				CLANG_WARN_COMMA = YES;
				CLANG_WARN_CONSTANT_CONVERSION = YES;
				CLANG_WARN_DEPRECATED_OBJC_IMPLEMENTATIONS = YES;
				CLANG_WARN_DIRECT_OBJC_ISA_USAGE = YES_ERROR;
				CLANG_WARN_DOCUMENTATION_COMMENTS = YES;
				CLANG_WARN_EMPTY_BODY = YES;
				CLANG_WARN_ENUM_CONVERSION = YES;
				CLANG_WARN_INFINITE_RECURSION = YES;
				CLANG_WARN_INT_CONVERSION = YES;
				CLANG_WARN_NON_LITERAL_NULL_CONVERSION = YES;
				CLANG_WARN_OBJC_IMPLICIT_RETAIN_SELF = YES;
				CLANG_WARN_OBJC_LITERAL_CONVERSION = YES;
				CLANG_WARN_OBJC_ROOT_CLASS = YES_ERROR;
				CLANG_WARN_QUOTED_INCLUDE_IN_FRAMEWORK_HEADER = YES;
				CLANG_WARN_RANGE_LOOP_ANALYSIS = YES;
				CLANG_WARN_STRICT_PROTOTYPES = YES;
				CLANG_WARN_SUSPICIOUS_MOVE = YES;
				CLANG_WARN_UNGUARDED_AVAILABILITY = YES_AGGRESSIVE;
				CLANG_WARN_UNREACHABLE_CODE = YES;
				CLANG_WARN__DUPLICATE_METHOD_MATCH = YES;
				COPY_PHASE_STRIP = NO;
				DEBUG_INFORMATION_FORMAT = dwarf;
				ENABLE_STRICT_OBJC_MSGSEND = YES;
				ENABLE_TESTABILITY = YES;
				ENABLE_USER_SCRIPT_SANDBOXING = YES;
				GCC_C_LANGUAGE_STANDARD = gnu17;
				GCC_DYNAMIC_NO_PIC = NO;
				GCC_NO_COMMON_BLOCKS = YES;
				GCC_OPTIMIZATION_LEVEL = 0;
				GCC_PREPROCESSOR_DEFINITIONS = (
					"DEBUG=1",
					"$(inherited)",
				);
				GCC_WARN_64_TO_32_BIT_CONVERSION = YES;
				GCC_WARN_ABOUT_RETURN_TYPE = YES_ERROR;
				GCC_WARN_UNDECLARED_SELECTOR = YES;
				GCC_WARN_UNINITIALIZED_AUTOS = YES_AGGRESSIVE;
				GCC_WARN_UNUSED_FUNCTION = YES;
				GCC_WARN_UNUSED_VARIABLE = YES;
				IPHONEOS_DEPLOYMENT_TARGET = 17.0;
				LOCALIZATION_PREFERS_STRING_CATALOGS = YES;
				MTL_ENABLE_DEBUG_INFO = INCLUDE_SOURCE;
				MTL_FAST_MATH = YES;
				ONLY_ACTIVE_ARCH = YES;
				SDKROOT = iphoneos;
				SWIFT_ACTIVE_COMPILATION_CONDITIONS = "DEBUG $(inherited)";
				SWIFT_OPTIMIZATION_LEVEL = "-Onone";
			};
			name = Debug;
		};
		F8D997942B62695C002EF2FB /* Release */ = {
			isa = XCBuildConfiguration;
			buildSettings = {
				ALWAYS_SEARCH_USER_PATHS = NO;
				ASSETCATALOG_COMPILER_GENERATE_SWIFT_ASSET_SYMBOL_EXTENSIONS = YES;
				CLANG_ANALYZER_NONNULL = YES;
				CLANG_ANALYZER_NUMBER_OBJECT_CONVERSION = YES_AGGRESSIVE;
				CLANG_CXX_LANGUAGE_STANDARD = "gnu++20";
				CLANG_ENABLE_MODULES = YES;
				CLANG_ENABLE_OBJC_ARC = YES;
				CLANG_ENABLE_OBJC_WEAK = YES;
				CLANG_WARN_BLOCK_CAPTURE_AUTORELEASING = YES;
				CLANG_WARN_BOOL_CONVERSION = YES;
				CLANG_WARN_COMMA = YES;
				CLANG_WARN_CONSTANT_CONVERSION = YES;
				CLANG_WARN_DEPRECATED_OBJC_IMPLEMENTATIONS = YES;
				CLANG_WARN_DIRECT_OBJC_ISA_USAGE = YES_ERROR;
				CLANG_WARN_DOCUMENTATION_COMMENTS = YES;
				CLANG_WARN_EMPTY_BODY = YES;
				CLANG_WARN_ENUM_CONVERSION = YES;
				CLANG_WARN_INFINITE_RECURSION = YES;
				CLANG_WARN_INT_CONVERSION = YES;
				CLANG_WARN_NON_LITERAL_NULL_CONVERSION = YES;
				CLANG_WARN_OBJC_IMPLICIT_RETAIN_SELF = YES;
				CLANG_WARN_OBJC_LITERAL_CONVERSION = YES;
				CLANG_WARN_OBJC_ROOT_CLASS = YES_ERROR;
				CLANG_WARN_QUOTED_INCLUDE_IN_FRAMEWORK_HEADER = YES;
				CLANG_WARN_RANGE_LOOP_ANALYSIS = YES;
				CLANG_WARN_STRICT_PROTOTYPES = YES;
				CLANG_WARN_SUSPICIOUS_MOVE = YES;
				CLANG_WARN_UNGUARDED_AVAILABILITY = YES_AGGRESSIVE;
				CLANG_WARN_UNREACHABLE_CODE = YES;
				CLANG_WARN__DUPLICATE_METHOD_MATCH = YES;
				COPY_PHASE_STRIP = NO;
				DEBUG_INFORMATION_FORMAT = "dwarf-with-dsym";
				ENABLE_NS_ASSERTIONS = NO;
				ENABLE_STRICT_OBJC_MSGSEND = YES;
				ENABLE_USER_SCRIPT_SANDBOXING = YES;
				GCC_C_LANGUAGE_STANDARD = gnu17;
				GCC_NO_COMMON_BLOCKS = YES;
				GCC_WARN_64_TO_32_BIT_CONVERSION = YES;
				GCC_WARN_ABOUT_RETURN_TYPE = YES_ERROR;
				GCC_WARN_UNDECLARED_SELECTOR = YES;
				GCC_WARN_UNINITIALIZED_AUTOS = YES_AGGRESSIVE;
				GCC_WARN_UNUSED_FUNCTION = YES;
				GCC_WARN_UNUSED_VARIABLE = YES;
				IPHONEOS_DEPLOYMENT_TARGET = 17.0;
				LOCALIZATION_PREFERS_STRING_CATALOGS = YES;
				MTL_ENABLE_DEBUG_INFO = NO;
				MTL_FAST_MATH = YES;
				SDKROOT = iphoneos;
				SWIFT_COMPILATION_MODE = wholemodule;
				VALIDATE_PRODUCT = YES;
			};
			name = Release;
		};
		F8D997962B62695C002EF2FB /* Debug */ = {
			isa = XCBuildConfiguration;
			buildSettings = {
				ASSETCATALOG_COMPILER_APPICON_NAME = AppIcon;
				ASSETCATALOG_COMPILER_GLOBAL_ACCENT_COLOR_NAME = AccentColor;
				CODE_SIGN_STYLE = Automatic;
				CURRENT_PROJECT_VERSION = 1;
				DEVELOPMENT_TEAM = 89W56TC22L;
				GENERATE_INFOPLIST_FILE = YES;
				INFOPLIST_FILE = TinkoffCalculator/Info.plist;
				INFOPLIST_KEY_UIApplicationSupportsIndirectInputEvents = YES;
				INFOPLIST_KEY_UILaunchStoryboardName = LaunchScreen;
				INFOPLIST_KEY_UIMainStoryboardFile = Main;
				INFOPLIST_KEY_UISupportedInterfaceOrientations_iPad = "UIInterfaceOrientationPortrait UIInterfaceOrientationPortraitUpsideDown UIInterfaceOrientationLandscapeLeft UIInterfaceOrientationLandscapeRight";
				INFOPLIST_KEY_UISupportedInterfaceOrientations_iPhone = "UIInterfaceOrientationPortrait UIInterfaceOrientationLandscapeLeft UIInterfaceOrientationLandscapeRight";
				IPHONEOS_DEPLOYMENT_TARGET = 16.4;
				LD_RUNPATH_SEARCH_PATHS = (
					"$(inherited)",
					"@executable_path/Frameworks",
				);
				MARKETING_VERSION = 1.0;
				PRODUCT_BUNDLE_IDENTIFIER = com.vitaliLeikin.TinkoffCalculator;
				PRODUCT_NAME = "$(TARGET_NAME)";
				SWIFT_EMIT_LOC_STRINGS = YES;
				SWIFT_VERSION = 5.0;
				TARGETED_DEVICE_FAMILY = "1,2";
			};
			name = Debug;
		};
		F8D997972B62695C002EF2FB /* Release */ = {
			isa = XCBuildConfiguration;
			buildSettings = {
				ASSETCATALOG_COMPILER_APPICON_NAME = AppIcon;
				ASSETCATALOG_COMPILER_GLOBAL_ACCENT_COLOR_NAME = AccentColor;
				CODE_SIGN_STYLE = Automatic;
				CURRENT_PROJECT_VERSION = 1;
				DEVELOPMENT_TEAM = 89W56TC22L;
				GENERATE_INFOPLIST_FILE = YES;
				INFOPLIST_FILE = TinkoffCalculator/Info.plist;
				INFOPLIST_KEY_UIApplicationSupportsIndirectInputEvents = YES;
				INFOPLIST_KEY_UILaunchStoryboardName = LaunchScreen;
				INFOPLIST_KEY_UIMainStoryboardFile = Main;
				INFOPLIST_KEY_UISupportedInterfaceOrientations_iPad = "UIInterfaceOrientationPortrait UIInterfaceOrientationPortraitUpsideDown UIInterfaceOrientationLandscapeLeft UIInterfaceOrientationLandscapeRight";
				INFOPLIST_KEY_UISupportedInterfaceOrientations_iPhone = "UIInterfaceOrientationPortrait UIInterfaceOrientationLandscapeLeft UIInterfaceOrientationLandscapeRight";
				IPHONEOS_DEPLOYMENT_TARGET = 16.4;
				LD_RUNPATH_SEARCH_PATHS = (
					"$(inherited)",
					"@executable_path/Frameworks",
				);
				MARKETING_VERSION = 1.0;
				PRODUCT_BUNDLE_IDENTIFIER = com.vitaliLeikin.TinkoffCalculator;
				PRODUCT_NAME = "$(TARGET_NAME)";
				SWIFT_EMIT_LOC_STRINGS = YES;
				SWIFT_VERSION = 5.0;
				TARGETED_DEVICE_FAMILY = "1,2";
			};
			name = Release;
		};
		F8D997992B62695C002EF2FB /* Debug */ = {
			isa = XCBuildConfiguration;
			buildSettings = {
				ALWAYS_EMBED_SWIFT_STANDARD_LIBRARIES = YES;
				BUNDLE_LOADER = "$(TEST_HOST)";
				CODE_SIGN_STYLE = Automatic;
				CURRENT_PROJECT_VERSION = 1;
				DEVELOPMENT_TEAM = 89W56TC22L;
				GENERATE_INFOPLIST_FILE = YES;
				IPHONEOS_DEPLOYMENT_TARGET = 16.4;
				MARKETING_VERSION = 1.0;
				PRODUCT_BUNDLE_IDENTIFIER = com.vitaliLeikin.TinkoffCalculatorTests;
				PRODUCT_NAME = "$(TARGET_NAME)";
				SWIFT_EMIT_LOC_STRINGS = NO;
				SWIFT_VERSION = 5.0;
				TARGETED_DEVICE_FAMILY = "1,2";
				TEST_HOST = "$(BUILT_PRODUCTS_DIR)/TinkoffCalculator.app/$(BUNDLE_EXECUTABLE_FOLDER_PATH)/TinkoffCalculator";
			};
			name = Debug;
		};
		F8D9979A2B62695C002EF2FB /* Release */ = {
			isa = XCBuildConfiguration;
			buildSettings = {
				ALWAYS_EMBED_SWIFT_STANDARD_LIBRARIES = YES;
				BUNDLE_LOADER = "$(TEST_HOST)";
				CODE_SIGN_STYLE = Automatic;
				CURRENT_PROJECT_VERSION = 1;
				DEVELOPMENT_TEAM = 89W56TC22L;
				GENERATE_INFOPLIST_FILE = YES;
				IPHONEOS_DEPLOYMENT_TARGET = 16.4;
				MARKETING_VERSION = 1.0;
				PRODUCT_BUNDLE_IDENTIFIER = com.vitaliLeikin.TinkoffCalculatorTests;
				PRODUCT_NAME = "$(TARGET_NAME)";
				SWIFT_EMIT_LOC_STRINGS = NO;
				SWIFT_VERSION = 5.0;
				TARGETED_DEVICE_FAMILY = "1,2";
				TEST_HOST = "$(BUILT_PRODUCTS_DIR)/TinkoffCalculator.app/$(BUNDLE_EXECUTABLE_FOLDER_PATH)/TinkoffCalculator";
			};
			name = Release;
		};
		F8D9979C2B62695C002EF2FB /* Debug */ = {
			isa = XCBuildConfiguration;
			buildSettings = {
				ALWAYS_EMBED_SWIFT_STANDARD_LIBRARIES = YES;
				CODE_SIGN_STYLE = Automatic;
				CURRENT_PROJECT_VERSION = 1;
				DEVELOPMENT_TEAM = 89W56TC22L;
				GENERATE_INFOPLIST_FILE = YES;
				IPHONEOS_DEPLOYMENT_TARGET = 16.4;
				MARKETING_VERSION = 1.0;
				PRODUCT_BUNDLE_IDENTIFIER = com.vitaliLeikin.TinkoffCalculatorUITests;
				PRODUCT_NAME = "$(TARGET_NAME)";
				SWIFT_EMIT_LOC_STRINGS = NO;
				SWIFT_VERSION = 5.0;
				TARGETED_DEVICE_FAMILY = "1,2";
				TEST_TARGET_NAME = TinkoffCalculator;
			};
			name = Debug;
		};
		F8D9979D2B62695C002EF2FB /* Release */ = {
			isa = XCBuildConfiguration;
			buildSettings = {
				ALWAYS_EMBED_SWIFT_STANDARD_LIBRARIES = YES;
				CODE_SIGN_STYLE = Automatic;
				CURRENT_PROJECT_VERSION = 1;
				DEVELOPMENT_TEAM = 89W56TC22L;
				GENERATE_INFOPLIST_FILE = YES;
				IPHONEOS_DEPLOYMENT_TARGET = 16.4;
				MARKETING_VERSION = 1.0;
				PRODUCT_BUNDLE_IDENTIFIER = com.vitaliLeikin.TinkoffCalculatorUITests;
				PRODUCT_NAME = "$(TARGET_NAME)";
				SWIFT_EMIT_LOC_STRINGS = NO;
				SWIFT_VERSION = 5.0;
				TARGETED_DEVICE_FAMILY = "1,2";
				TEST_TARGET_NAME = TinkoffCalculator;
			};
			name = Release;
		};
/* End XCBuildConfiguration section */

/* Begin XCConfigurationList section */
		F8D997662B62695A002EF2FB /* Build configuration list for PBXProject "TinkoffCalculator" */ = {
			isa = XCConfigurationList;
			buildConfigurations = (
				F8D997932B62695C002EF2FB /* Debug */,
				F8D997942B62695C002EF2FB /* Release */,
			);
			defaultConfigurationIsVisible = 0;
			defaultConfigurationName = Release;
		};
		F8D997952B62695C002EF2FB /* Build configuration list for PBXNativeTarget "TinkoffCalculator" */ = {
			isa = XCConfigurationList;
			buildConfigurations = (
				F8D997962B62695C002EF2FB /* Debug */,
				F8D997972B62695C002EF2FB /* Release */,
			);
			defaultConfigurationIsVisible = 0;
			defaultConfigurationName = Release;
		};
		F8D997982B62695C002EF2FB /* Build configuration list for PBXNativeTarget "TinkoffCalculatorTests" */ = {
			isa = XCConfigurationList;
			buildConfigurations = (
				F8D997992B62695C002EF2FB /* Debug */,
				F8D9979A2B62695C002EF2FB /* Release */,
			);
			defaultConfigurationIsVisible = 0;
			defaultConfigurationName = Release;
		};
		F8D9979B2B62695C002EF2FB /* Build configuration list for PBXNativeTarget "TinkoffCalculatorUITests" */ = {
			isa = XCConfigurationList;
			buildConfigurations = (
				F8D9979C2B62695C002EF2FB /* Debug */,
				F8D9979D2B62695C002EF2FB /* Release */,
			);
			defaultConfigurationIsVisible = 0;
			defaultConfigurationName = Release;
		};
/* End XCConfigurationList section */
	};
	rootObject = F8D997632B62695A002EF2FB /* Project object */;
}
